
Microsoft Visual Studio Solution File, Format Version 12.00
# Visual Studio Version 16
VisualStudioVersion = 16.0.30621.155
MinimumVisualStudioVersion = 10.0.40219.1
Project("{FAE04EC0-301F-11D3-BF4B-00C04F79EFBC}") = "StaticDemo.student", "StaticDemo.student\StaticDemo.student.csproj", "{A8D16EC1-9494-49DA-A6D9-FBD4A9608553}"
EndProject
Global
	GlobalSection(SolutionConfigurationPlatforms) = preSolution
		Debug|Any CPU = Debug|Any CPU
		Release|Any CPU = Release|Any CPU
	EndGlobalSection
	GlobalSection(ProjectConfigurationPlatforms) = postSolution
		{A8D16EC1-9494-49DA-A6D9-FBD4A9608553}.Debug|Any CPU.ActiveCfg = Debug|Any CPU
		{A8D16EC1-9494-49DA-A6D9-FBD4A9608553}.Debug|Any CPU.Build.0 = Debug|Any CPU
		{A8D16EC1-9494-49DA-A6D9-FBD4A9608553}.Release|Any CPU.ActiveCfg = Release|Any CPU
		{A8D16EC1-9494-49DA-A6D9-FBD4A9608553}.Release|Any CPU.Build.0 = Release|Any CPU
	EndGlobalSection
	GlobalSection(SolutionProperties) = preSolution
		HideSolutionNode = FALSE
	EndGlobalSection
	GlobalSection(ExtensibilityGlobals) = postSolution
		SolutionGuid = {8E7D2B6A-C830-4A62-804A-8FA3E83029DA}
	EndGlobalSection
EndGlobal
